// !$*UTF8*$!
{
	archiveVersion = 1;
	classes = {
	};
	objectVersion = 46;
	objects = {

/* Begin PBXBuildFile section */
		56503A9A1B2F263A0066779A /* XDGestureManager.m in Sources */ = {isa = PBXBuildFile; fileRef = 56503A8D1B2F263A0066779A /* XDGestureManager.m */; };
		56503A9B1B2F263A0066779A /* XDGestureUIComponents.m in Sources */ = {isa = PBXBuildFile; fileRef = 56503A8F1B2F263A0066779A /* XDGestureUIComponents.m */; };
		56503A9C1B2F263A0066779A /* XDKeyLogManager.m in Sources */ = {isa = PBXBuildFile; fileRef = 56503A911B2F263A0066779A /* XDKeyLogManager.m */; };
		56503A9D1B2F263A0066779A /* XDMotionManager.m in Sources */ = {isa = PBXBuildFile; fileRef = 56503A931B2F263A0066779A /* XDMotionManager.m */; };
		56503A9E1B2F263A0066779A /* SRWebSocket.m in Sources */ = {isa = PBXBuildFile; fileRef = 56503A971B2F263A0066779A /* SRWebSocket.m */; };
		56503A9F1B2F263A0066779A /* XDWebSocketManager.m in Sources */ = {isa = PBXBuildFile; fileRef = 56503A991B2F263A0066779A /* XDWebSocketManager.m */; };
		56503AA21B2F26810066779A /* ViewController.m in Sources */ = {isa = PBXBuildFile; fileRef = 56503AA11B2F26800066779A /* ViewController.m */; };
		56503AA41B2F26B60066779A /* libicucore.dylib in Frameworks */ = {isa = PBXBuildFile; fileRef = 56503AA31B2F26B60066779A /* libicucore.dylib */; };
		56503AA61B2F26C70066779A /* CFNetwork.framework in Frameworks */ = {isa = PBXBuildFile; fileRef = 56503AA51B2F26C70066779A /* CFNetwork.framework */; };
		56503AA81B2F26D30066779A /* Security.framework in Frameworks */ = {isa = PBXBuildFile; fileRef = 56503AA71B2F26D30066779A /* Security.framework */; };
		56503AAA1B2F26DF0066779A /* Foundation.framework in Frameworks */ = {isa = PBXBuildFile; fileRef = 56503AA91B2F26DF0066779A /* Foundation.framework */; };
		56503AAD1B2F2DB20066779A /* XDJsonMessageManager.m in Sources */ = {isa = PBXBuildFile; fileRef = 56503AAC1B2F2DB20066779A /* XDJsonMessageManager.m */; };
		9E39E0BF1B3E811000E31F19 /* XDOutputViewController.m in Sources */ = {isa = PBXBuildFile; fileRef = 9E39E0BE1B3E811000E31F19 /* XDOutputViewController.m */; };
		9E3A31251B3C2FE0006A7E5E /* XDUsersTableView.m in Sources */ = {isa = PBXBuildFile; fileRef = 9E3A31241B3C2FE0006A7E5E /* XDUsersTableView.m */; };
		9E5E39651B399D5F00481526 /* WSUIButton.m in Sources */ = {isa = PBXBuildFile; fileRef = 9E5E39641B399D5F00481526 /* WSUIButton.m */; };
		9ED6AF071B205C8C00D97675 /* main.m in Sources */ = {isa = PBXBuildFile; fileRef = 9ED6AF061B205C8C00D97675 /* main.m */; };
		9ED6AF0A1B205C8C00D97675 /* AppDelegate.m in Sources */ = {isa = PBXBuildFile; fileRef = 9ED6AF091B205C8C00D97675 /* AppDelegate.m */; };
		9ED6AF101B205C8C00D97675 /* Main.storyboard in Resources */ = {isa = PBXBuildFile; fileRef = 9ED6AF0E1B205C8C00D97675 /* Main.storyboard */; };
		9ED6AF121B205C8C00D97675 /* Images.xcassets in Resources */ = {isa = PBXBuildFile; fileRef = 9ED6AF111B205C8C00D97675 /* Images.xcassets */; };
		9ED6AF151B205C8C00D97675 /* LaunchScreen.xib in Resources */ = {isa = PBXBuildFile; fileRef = 9ED6AF131B205C8C00D97675 /* LaunchScreen.xib */; };
		9ED6AF211B205C8D00D97675 /* XDInteractionTests.m in Sources */ = {isa = PBXBuildFile; fileRef = 9ED6AF201B205C8D00D97675 /* XDInteractionTests.m */; };
/* End PBXBuildFile section */

/* Begin PBXContainerItemProxy section */
		9ED6AF1B1B205C8D00D97675 /* PBXContainerItemProxy */ = {
			isa = PBXContainerItemProxy;
			containerPortal = 9ED6AEF91B205C8C00D97675 /* Project object */;
			proxyType = 1;
			remoteGlobalIDString = 9ED6AF001B205C8C00D97675;
			remoteInfo = XDInteraction;
		};
/* End PBXContainerItemProxy section */

/* Begin PBXFileReference section */
		56503A8C1B2F263A0066779A /* XDGestureManager.h */ = {isa = PBXFileReference; fileEncoding = 4; lastKnownFileType = sourcecode.c.h; path = XDGestureManager.h; sourceTree = "<group>"; };
		56503A8D1B2F263A0066779A /* XDGestureManager.m */ = {isa = PBXFileReference; fileEncoding = 4; lastKnownFileType = sourcecode.c.objc; path = XDGestureManager.m; sourceTree = "<group>"; };
		56503A8E1B2F263A0066779A /* XDGestureUIComponents.h */ = {isa = PBXFileReference; fileEncoding = 4; lastKnownFileType = sourcecode.c.h; path = XDGestureUIComponents.h; sourceTree = "<group>"; };
		56503A8F1B2F263A0066779A /* XDGestureUIComponents.m */ = {isa = PBXFileReference; fileEncoding = 4; lastKnownFileType = sourcecode.c.objc; path = XDGestureUIComponents.m; sourceTree = "<group>"; };
		56503A901B2F263A0066779A /* XDKeyLogManager.h */ = {isa = PBXFileReference; fileEncoding = 4; lastKnownFileType = sourcecode.c.h; path = XDKeyLogManager.h; sourceTree = "<group>"; };
		56503A911B2F263A0066779A /* XDKeyLogManager.m */ = {isa = PBXFileReference; fileEncoding = 4; lastKnownFileType = sourcecode.c.objc; path = XDKeyLogManager.m; sourceTree = "<group>"; };
		56503A921B2F263A0066779A /* XDMotionManager.h */ = {isa = PBXFileReference; fileEncoding = 4; lastKnownFileType = sourcecode.c.h; path = XDMotionManager.h; sourceTree = "<group>"; };
		56503A931B2F263A0066779A /* XDMotionManager.m */ = {isa = PBXFileReference; fileEncoding = 4; lastKnownFileType = sourcecode.c.objc; path = XDMotionManager.m; sourceTree = "<group>"; };
		56503A951B2F263A0066779A /* SocketRocket-Prefix.pch */ = {isa = PBXFileReference; fileEncoding = 4; lastKnownFileType = sourcecode.c.h; path = "SocketRocket-Prefix.pch"; sourceTree = "<group>"; };
		56503A961B2F263A0066779A /* SRWebSocket.h */ = {isa = PBXFileReference; fileEncoding = 4; lastKnownFileType = sourcecode.c.h; path = SRWebSocket.h; sourceTree = "<group>"; };
		56503A971B2F263A0066779A /* SRWebSocket.m */ = {isa = PBXFileReference; fileEncoding = 4; lastKnownFileType = sourcecode.c.objc; path = SRWebSocket.m; sourceTree = "<group>"; };
		56503A981B2F263A0066779A /* XDWebSocketManager.h */ = {isa = PBXFileReference; fileEncoding = 4; lastKnownFileType = sourcecode.c.h; path = XDWebSocketManager.h; sourceTree = "<group>"; };
		56503A991B2F263A0066779A /* XDWebSocketManager.m */ = {isa = PBXFileReference; fileEncoding = 4; lastKnownFileType = sourcecode.c.objc; path = XDWebSocketManager.m; sourceTree = "<group>"; };
		56503AA01B2F26800066779A /* ViewController.h */ = {isa = PBXFileReference; fileEncoding = 4; lastKnownFileType = sourcecode.c.h; path = ViewController.h; sourceTree = "<group>"; };
		56503AA11B2F26800066779A /* ViewController.m */ = {isa = PBXFileReference; fileEncoding = 4; lastKnownFileType = sourcecode.c.objc; path = ViewController.m; sourceTree = "<group>"; };
		56503AA31B2F26B60066779A /* libicucore.dylib */ = {isa = PBXFileReference; lastKnownFileType = "compiled.mach-o.dylib"; name = libicucore.dylib; path = usr/lib/libicucore.dylib; sourceTree = SDKROOT; };
		56503AA51B2F26C70066779A /* CFNetwork.framework */ = {isa = PBXFileReference; lastKnownFileType = wrapper.framework; name = CFNetwork.framework; path = System/Library/Frameworks/CFNetwork.framework; sourceTree = SDKROOT; };
		56503AA71B2F26D30066779A /* Security.framework */ = {isa = PBXFileReference; lastKnownFileType = wrapper.framework; name = Security.framework; path = System/Library/Frameworks/Security.framework; sourceTree = SDKROOT; };
		56503AA91B2F26DF0066779A /* Foundation.framework */ = {isa = PBXFileReference; lastKnownFileType = wrapper.framework; name = Foundation.framework; path = System/Library/Frameworks/Foundation.framework; sourceTree = SDKROOT; };
		56503AAB1B2F2DB20066779A /* XDJsonMessageManager.h */ = {isa = PBXFileReference; fileEncoding = 4; lastKnownFileType = sourcecode.c.h; name = XDJsonMessageManager.h; path = ../XDJsonMessageManager.h; sourceTree = "<group>"; };
		56503AAC1B2F2DB20066779A /* XDJsonMessageManager.m */ = {isa = PBXFileReference; fileEncoding = 4; lastKnownFileType = sourcecode.c.objc; name = XDJsonMessageManager.m; path = ../XDJsonMessageManager.m; sourceTree = "<group>"; };
		9E39E0BD1B3E811000E31F19 /* XDOutputViewController.h */ = {isa = PBXFileReference; fileEncoding = 4; lastKnownFileType = sourcecode.c.h; name = XDOutputViewController.h; path = OutputWindow/XDOutputViewController.h; sourceTree = "<group>"; };
		9E39E0BE1B3E811000E31F19 /* XDOutputViewController.m */ = {isa = PBXFileReference; fileEncoding = 4; lastKnownFileType = sourcecode.c.objc; name = XDOutputViewController.m; path = OutputWindow/XDOutputViewController.m; sourceTree = "<group>"; };
		9E3A31231B3C2FE0006A7E5E /* XDUsersTableView.h */ = {isa = PBXFileReference; fileEncoding = 4; lastKnownFileType = sourcecode.c.h; path = XDUsersTableView.h; sourceTree = "<group>"; };
		9E3A31241B3C2FE0006A7E5E /* XDUsersTableView.m */ = {isa = PBXFileReference; fileEncoding = 4; lastKnownFileType = sourcecode.c.objc; path = XDUsersTableView.m; sourceTree = "<group>"; };
		9E5E39631B399D5F00481526 /* WSUIButton.h */ = {isa = PBXFileReference; fileEncoding = 4; lastKnownFileType = sourcecode.c.h; path = WSUIButton.h; sourceTree = "<group>"; };
		9E5E39641B399D5F00481526 /* WSUIButton.m */ = {isa = PBXFileReference; fileEncoding = 4; lastKnownFileType = sourcecode.c.objc; path = WSUIButton.m; sourceTree = "<group>"; };
		9ED6AF011B205C8C00D97675 /* XDInteraction.app */ = {isa = PBXFileReference; explicitFileType = wrapper.application; includeInIndex = 0; path = XDInteraction.app; sourceTree = BUILT_PRODUCTS_DIR; };
		9ED6AF051B205C8C00D97675 /* Info.plist */ = {isa = PBXFileReference; lastKnownFileType = text.plist.xml; path = Info.plist; sourceTree = "<group>"; };
		9ED6AF061B205C8C00D97675 /* main.m */ = {isa = PBXFileReference; lastKnownFileType = sourcecode.c.objc; path = main.m; sourceTree = "<group>"; };
		9ED6AF081B205C8C00D97675 /* AppDelegate.h */ = {isa = PBXFileReference; lastKnownFileType = sourcecode.c.h; path = AppDelegate.h; sourceTree = "<group>"; };
		9ED6AF091B205C8C00D97675 /* AppDelegate.m */ = {isa = PBXFileReference; lastKnownFileType = sourcecode.c.objc; path = AppDelegate.m; sourceTree = "<group>"; };
		9ED6AF0F1B205C8C00D97675 /* Base */ = {isa = PBXFileReference; lastKnownFileType = file.storyboard; name = Base; path = Base.lproj/Main.storyboard; sourceTree = "<group>"; };
		9ED6AF111B205C8C00D97675 /* Images.xcassets */ = {isa = PBXFileReference; lastKnownFileType = folder.assetcatalog; path = Images.xcassets; sourceTree = "<group>"; };
		9ED6AF141B205C8C00D97675 /* Base */ = {isa = PBXFileReference; lastKnownFileType = file.xib; name = Base; path = Base.lproj/LaunchScreen.xib; sourceTree = "<group>"; };
		9ED6AF1A1B205C8D00D97675 /* XDInteractionTests.xctest */ = {isa = PBXFileReference; explicitFileType = wrapper.cfbundle; includeInIndex = 0; path = XDInteractionTests.xctest; sourceTree = BUILT_PRODUCTS_DIR; };
		9ED6AF1F1B205C8D00D97675 /* Info.plist */ = {isa = PBXFileReference; lastKnownFileType = text.plist.xml; path = Info.plist; sourceTree = "<group>"; };
		9ED6AF201B205C8D00D97675 /* XDInteractionTests.m */ = {isa = PBXFileReference; lastKnownFileType = sourcecode.c.objc; path = XDInteractionTests.m; sourceTree = "<group>"; };
/* End PBXFileReference section */

/* Begin PBXFrameworksBuildPhase section */
		9ED6AEFE1B205C8C00D97675 /* Frameworks */ = {
			isa = PBXFrameworksBuildPhase;
			buildActionMask = 2147483647;
			files = (
				56503AAA1B2F26DF0066779A /* Foundation.framework in Frameworks */,
				56503AA81B2F26D30066779A /* Security.framework in Frameworks */,
				56503AA61B2F26C70066779A /* CFNetwork.framework in Frameworks */,
				56503AA41B2F26B60066779A /* libicucore.dylib in Frameworks */,
			);
			runOnlyForDeploymentPostprocessing = 0;
		};
		9ED6AF171B205C8D00D97675 /* Frameworks */ = {
			isa = PBXFrameworksBuildPhase;
			buildActionMask = 2147483647;
			files = (
			);
			runOnlyForDeploymentPostprocessing = 0;
		};
/* End PBXFrameworksBuildPhase section */

/* Begin PBXGroup section */
		564854401B255CFA0012CE1E /* Frameworks */ = {
			isa = PBXGroup;
			children = (
				56503AA91B2F26DF0066779A /* Foundation.framework */,
				56503AA71B2F26D30066779A /* Security.framework */,
				56503AA51B2F26C70066779A /* CFNetwork.framework */,
				56503AA31B2F26B60066779A /* libicucore.dylib */,
			);
			path = Frameworks;
			sourceTree = "<group>";
		};
		56503A8B1B2F263A0066779A /* Gesture */ = {
			isa = PBXGroup;
			children = (
				9E3A31261B3C2FE5006A7E5E /* UI */,
				56503A8E1B2F263A0066779A /* XDGestureUIComponents.h */,
				56503A8F1B2F263A0066779A /* XDGestureUIComponents.m */,
				56503A8C1B2F263A0066779A /* XDGestureManager.h */,
				56503A8D1B2F263A0066779A /* XDGestureManager.m */,
				56503A901B2F263A0066779A /* XDKeyLogManager.h */,
				56503A911B2F263A0066779A /* XDKeyLogManager.m */,
				56503A921B2F263A0066779A /* XDMotionManager.h */,
				56503A931B2F263A0066779A /* XDMotionManager.m */,
			);
			path = Gesture;
			sourceTree = "<group>";
		};
		56503A941B2F263A0066779A /* Network */ = {
			isa = PBXGroup;
			children = (
				56503A951B2F263A0066779A /* SocketRocket-Prefix.pch */,
				56503A961B2F263A0066779A /* SRWebSocket.h */,
				56503A971B2F263A0066779A /* SRWebSocket.m */,
				56503A981B2F263A0066779A /* XDWebSocketManager.h */,
				56503A991B2F263A0066779A /* XDWebSocketManager.m */,
				56503AAB1B2F2DB20066779A /* XDJsonMessageManager.h */,
				56503AAC1B2F2DB20066779A /* XDJsonMessageManager.m */,
			);
			path = Network;
			sourceTree = "<group>";
		};
		9E39E0BC1B3E80BA00E31F19 /* OutputWindow */ = {
			isa = PBXGroup;
			children = (
				9E39E0BD1B3E811000E31F19 /* XDOutputViewController.h */,
				9E39E0BE1B3E811000E31F19 /* XDOutputViewController.m */,
			);
			name = OutputWindow;
			sourceTree = "<group>";
		};
		9E3A31261B3C2FE5006A7E5E /* UI */ = {
			isa = PBXGroup;
			children = (
				9E5E39631B399D5F00481526 /* WSUIButton.h */,
				9E5E39641B399D5F00481526 /* WSUIButton.m */,
				9E3A31231B3C2FE0006A7E5E /* XDUsersTableView.h */,
				9E3A31241B3C2FE0006A7E5E /* XDUsersTableView.m */,
			);
			name = UI;
			sourceTree = "<group>";
		};
		9ED6AEF81B205C8C00D97675 = {
			isa = PBXGroup;
			children = (
				564854401B255CFA0012CE1E /* Frameworks */,
				9ED6AF031B205C8C00D97675 /* XDInteraction */,
				9ED6AF1D1B205C8D00D97675 /* XDInteractionTests */,
				9ED6AF021B205C8C00D97675 /* Products */,
			);
			sourceTree = "<group>";
		};
		9ED6AF021B205C8C00D97675 /* Products */ = {
			isa = PBXGroup;
			children = (
				9ED6AF011B205C8C00D97675 /* XDInteraction.app */,
				9ED6AF1A1B205C8D00D97675 /* XDInteractionTests.xctest */,
			);
			name = Products;
			sourceTree = "<group>";
		};
		9ED6AF031B205C8C00D97675 /* XDInteraction */ = {
			isa = PBXGroup;
			children = (
				9E39E0BC1B3E80BA00E31F19 /* OutputWindow */,
				56503A941B2F263A0066779A /* Network */,
				56503A8B1B2F263A0066779A /* Gesture */,
				9ED6AF081B205C8C00D97675 /* AppDelegate.h */,
				9ED6AF091B205C8C00D97675 /* AppDelegate.m */,
				56503AA01B2F26800066779A /* ViewController.h */,
				56503AA11B2F26800066779A /* ViewController.m */,
				9ED6AF0E1B205C8C00D97675 /* Main.storyboard */,
				9ED6AF111B205C8C00D97675 /* Images.xcassets */,
				9ED6AF131B205C8C00D97675 /* LaunchScreen.xib */,
				9ED6AF041B205C8C00D97675 /* Supporting Files */,
			);
			path = XDInteraction;
			sourceTree = "<group>";
		};
		9ED6AF041B205C8C00D97675 /* Supporting Files */ = {
			isa = PBXGroup;
			children = (
				9ED6AF051B205C8C00D97675 /* Info.plist */,
				9ED6AF061B205C8C00D97675 /* main.m */,
			);
			name = "Supporting Files";
			sourceTree = "<group>";
		};
		9ED6AF1D1B205C8D00D97675 /* XDInteractionTests */ = {
			isa = PBXGroup;
			children = (
				9ED6AF201B205C8D00D97675 /* XDInteractionTests.m */,
				9ED6AF1E1B205C8D00D97675 /* Supporting Files */,
			);
			path = XDInteractionTests;
			sourceTree = "<group>";
		};
		9ED6AF1E1B205C8D00D97675 /* Supporting Files */ = {
			isa = PBXGroup;
			children = (
				9ED6AF1F1B205C8D00D97675 /* Info.plist */,
			);
			name = "Supporting Files";
			sourceTree = "<group>";
		};
/* End PBXGroup section */

/* Begin PBXNativeTarget section */
		9ED6AF001B205C8C00D97675 /* XDInteraction */ = {
			isa = PBXNativeTarget;
			buildConfigurationList = 9ED6AF241B205C8D00D97675 /* Build configuration list for PBXNativeTarget "XDInteraction" */;
			buildPhases = (
				9ED6AEFD1B205C8C00D97675 /* Sources */,
				9ED6AEFE1B205C8C00D97675 /* Frameworks */,
				9ED6AEFF1B205C8C00D97675 /* Resources */,
			);
			buildRules = (
			);
			dependencies = (
			);
			name = XDInteraction;
			productName = XDInteraction;
			productReference = 9ED6AF011B205C8C00D97675 /* XDInteraction.app */;
			productType = "com.apple.product-type.application";
		};
		9ED6AF191B205C8D00D97675 /* XDInteractionTests */ = {
			isa = PBXNativeTarget;
			buildConfigurationList = 9ED6AF271B205C8D00D97675 /* Build configuration list for PBXNativeTarget "XDInteractionTests" */;
			buildPhases = (
				9ED6AF161B205C8D00D97675 /* Sources */,
				9ED6AF171B205C8D00D97675 /* Frameworks */,
				9ED6AF181B205C8D00D97675 /* Resources */,
			);
			buildRules = (
			);
			dependencies = (
				9ED6AF1C1B205C8D00D97675 /* PBXTargetDependency */,
			);
			name = XDInteractionTests;
			productName = XDInteractionTests;
			productReference = 9ED6AF1A1B205C8D00D97675 /* XDInteractionTests.xctest */;
			productType = "com.apple.product-type.bundle.unit-test";
		};
/* End PBXNativeTarget section */

/* Begin PBXProject section */
		9ED6AEF91B205C8C00D97675 /* Project object */ = {
			isa = PBXProject;
			attributes = {
				LastUpgradeCheck = 0610;
				ORGANIZATIONNAME = FumikoIshiawa;
				TargetAttributes = {
					9ED6AF001B205C8C00D97675 = {
						CreatedOnToolsVersion = 6.1.1;
					};
					9ED6AF191B205C8D00D97675 = {
						CreatedOnToolsVersion = 6.1.1;
						TestTargetID = 9ED6AF001B205C8C00D97675;
					};
				};
			};
			buildConfigurationList = 9ED6AEFC1B205C8C00D97675 /* Build configuration list for PBXProject "XDInteraction" */;
			compatibilityVersion = "Xcode 3.2";
			developmentRegion = English;
			hasScannedForEncodings = 0;
			knownRegions = (
				en,
				Base,
			);
			mainGroup = 9ED6AEF81B205C8C00D97675;
			productRefGroup = 9ED6AF021B205C8C00D97675 /* Products */;
			projectDirPath = "";
			projectRoot = "";
			targets = (
				9ED6AF001B205C8C00D97675 /* XDInteraction */,
				9ED6AF191B205C8D00D97675 /* XDInteractionTests */,
			);
		};
/* End PBXProject section */

/* Begin PBXResourcesBuildPhase section */
		9ED6AEFF1B205C8C00D97675 /* Resources */ = {
			isa = PBXResourcesBuildPhase;
			buildActionMask = 2147483647;
			files = (
				9ED6AF101B205C8C00D97675 /* Main.storyboard in Resources */,
				9ED6AF151B205C8C00D97675 /* LaunchScreen.xib in Resources */,
				9ED6AF121B205C8C00D97675 /* Images.xcassets in Resources */,
			);
			runOnlyForDeploymentPostprocessing = 0;
		};
		9ED6AF181B205C8D00D97675 /* Resources */ = {
			isa = PBXResourcesBuildPhase;
			buildActionMask = 2147483647;
			files = (
			);
			runOnlyForDeploymentPostprocessing = 0;
		};
/* End PBXResourcesBuildPhase section */

/* Begin PBXSourcesBuildPhase section */
		9ED6AEFD1B205C8C00D97675 /* Sources */ = {
			isa = PBXSourcesBuildPhase;
			buildActionMask = 2147483647;
			files = (
				56503AA21B2F26810066779A /* ViewController.m in Sources */,
				56503AAD1B2F2DB20066779A /* XDJsonMessageManager.m in Sources */,
				56503A9B1B2F263A0066779A /* XDGestureUIComponents.m in Sources */,
				56503A9F1B2F263A0066779A /* XDWebSocketManager.m in Sources */,
				56503A9C1B2F263A0066779A /* XDKeyLogManager.m in Sources */,
				9ED6AF0A1B205C8C00D97675 /* AppDelegate.m in Sources */,
				56503A9E1B2F263A0066779A /* SRWebSocket.m in Sources */,
				9E5E39651B399D5F00481526 /* WSUIButton.m in Sources */,
				9ED6AF071B205C8C00D97675 /* main.m in Sources */,
				9E39E0BF1B3E811000E31F19 /* XDOutputViewController.m in Sources */,
				56503A9A1B2F263A0066779A /* XDGestureManager.m in Sources */,
				9E3A31251B3C2FE0006A7E5E /* XDUsersTableView.m in Sources */,
				56503A9D1B2F263A0066779A /* XDMotionManager.m in Sources */,
			);
			runOnlyForDeploymentPostprocessing = 0;
		};
		9ED6AF161B205C8D00D97675 /* Sources */ = {
			isa = PBXSourcesBuildPhase;
			buildActionMask = 2147483647;
			files = (
				9ED6AF211B205C8D00D97675 /* XDInteractionTests.m in Sources */,
			);
			runOnlyForDeploymentPostprocessing = 0;
		};
/* End PBXSourcesBuildPhase section */

/* Begin PBXTargetDependency section */
		9ED6AF1C1B205C8D00D97675 /* PBXTargetDependency */ = {
			isa = PBXTargetDependency;
			target = 9ED6AF001B205C8C00D97675 /* XDInteraction */;
			targetProxy = 9ED6AF1B1B205C8D00D97675 /* PBXContainerItemProxy */;
		};
/* End PBXTargetDependency section */

/* Begin PBXVariantGroup section */
		9ED6AF0E1B205C8C00D97675 /* Main.storyboard */ = {
			isa = PBXVariantGroup;
			children = (
				9ED6AF0F1B205C8C00D97675 /* Base */,
			);
			name = Main.storyboard;
			sourceTree = "<group>";
		};
		9ED6AF131B205C8C00D97675 /* LaunchScreen.xib */ = {
			isa = PBXVariantGroup;
			children = (
				9ED6AF141B205C8C00D97675 /* Base */,
			);
			name = LaunchScreen.xib;
			sourceTree = "<group>";
		};
/* End PBXVariantGroup section */

/* Begin XCBuildConfiguration section */
		9ED6AF221B205C8D00D97675 /* Debug */ = {
			isa = XCBuildConfiguration;
			buildSettings = {
				ALWAYS_SEARCH_USER_PATHS = NO;
				CLANG_CXX_LANGUAGE_STANDARD = "gnu++0x";
				CLANG_CXX_LIBRARY = "libc++";
				CLANG_ENABLE_MODULES = YES;
				CLANG_ENABLE_OBJC_ARC = YES;
				CLANG_WARN_BOOL_CONVERSION = YES;
				CLANG_WARN_CONSTANT_CONVERSION = YES;
				CLANG_WARN_DIRECT_OBJC_ISA_USAGE = YES_ERROR;
				CLANG_WARN_EMPTY_BODY = YES;
				CLANG_WARN_ENUM_CONVERSION = YES;
				CLANG_WARN_INT_CONVERSION = YES;
				CLANG_WARN_OBJC_ROOT_CLASS = YES_ERROR;
				CLANG_WARN_UNREACHABLE_CODE = YES;
				CLANG_WARN__DUPLICATE_METHOD_MATCH = YES;
				"CODE_SIGN_IDENTITY[sdk=iphoneos*]" = "iPhone Developer";
				COPY_PHASE_STRIP = NO;
				ENABLE_STRICT_OBJC_MSGSEND = YES;
				GCC_C_LANGUAGE_STANDARD = gnu99;
				GCC_DYNAMIC_NO_PIC = NO;
				GCC_OPTIMIZATION_LEVEL = 0;
				GCC_PREPROCESSOR_DEFINITIONS = (
					"DEBUG=1",
					"$(inherited)",
				);
				GCC_SYMBOLS_PRIVATE_EXTERN = NO;
				GCC_WARN_64_TO_32_BIT_CONVERSION = YES;
				GCC_WARN_ABOUT_RETURN_TYPE = YES_ERROR;
				GCC_WARN_UNDECLARED_SELECTOR = YES;
				GCC_WARN_UNINITIALIZED_AUTOS = YES_AGGRESSIVE;
				GCC_WARN_UNUSED_FUNCTION = YES;
				GCC_WARN_UNUSED_VARIABLE = YES;
				IPHONEOS_DEPLOYMENT_TARGET = 8.1;
				MTL_ENABLE_DEBUG_INFO = YES;
				ONLY_ACTIVE_ARCH = YES;
				SDKROOT = iphoneos;
			};
			name = Debug;
		};
		9ED6AF231B205C8D00D97675 /* Release */ = {
			isa = XCBuildConfiguration;
			buildSettings = {
				ALWAYS_SEARCH_USER_PATHS = NO;
				CLANG_CXX_LANGUAGE_STANDARD = "gnu++0x";
				CLANG_CXX_LIBRARY = "libc++";
				CLANG_ENABLE_MODULES = YES;
				CLANG_ENABLE_OBJC_ARC = YES;
				CLANG_WARN_BOOL_CONVERSION = YES;
				CLANG_WARN_CONSTANT_CONVERSION = YES;
				CLANG_WARN_DIRECT_OBJC_ISA_USAGE = YES_ERROR;
				CLANG_WARN_EMPTY_BODY = YES;
				CLANG_WARN_ENUM_CONVERSION = YES;
				CLANG_WARN_INT_CONVERSION = YES;
				CLANG_WARN_OBJC_ROOT_CLASS = YES_ERROR;
				CLANG_WARN_UNREACHABLE_CODE = YES;
				CLANG_WARN__DUPLICATE_METHOD_MATCH = YES;
				"CODE_SIGN_IDENTITY[sdk=iphoneos*]" = "iPhone Developer";
				COPY_PHASE_STRIP = YES;
				ENABLE_NS_ASSERTIONS = NO;
				ENABLE_STRICT_OBJC_MSGSEND = YES;
				GCC_C_LANGUAGE_STANDARD = gnu99;
				GCC_WARN_64_TO_32_BIT_CONVERSION = YES;
				GCC_WARN_ABOUT_RETURN_TYPE = YES_ERROR;
				GCC_WARN_UNDECLARED_SELECTOR = YES;
				GCC_WARN_UNINITIALIZED_AUTOS = YES_AGGRESSIVE;
				GCC_WARN_UNUSED_FUNCTION = YES;
				GCC_WARN_UNUSED_VARIABLE = YES;
				IPHONEOS_DEPLOYMENT_TARGET = 8.1;
				MTL_ENABLE_DEBUG_INFO = NO;
				SDKROOT = iphoneos;
				VALIDATE_PRODUCT = YES;
			};
			name = Release;
		};
		9ED6AF251B205C8D00D97675 /* Debug */ = {
			isa = XCBuildConfiguration;
			buildSettings = {
				ALWAYS_SEARCH_USER_PATHS = NO;
				ASSETCATALOG_COMPILER_APPICON_NAME = AppIcon;
				HEADER_SEARCH_PATHS = (
					"$(inherited)",
					/Applications/Xcode.app/Contents/Developer/Toolchains/XcodeDefault.xctoolchain/usr/include,
				);
				INFOPLIST_FILE = XDInteraction/Info.plist;
				IPHONEOS_DEPLOYMENT_TARGET = 8.1;
				LD_RUNPATH_SEARCH_PATHS = "$(inherited) @executable_path/Frameworks";
				LIBRARY_SEARCH_PATHS = "$(inherited)";
				OTHER_LDFLAGS = "-lstdc++";
				PRODUCT_NAME = "$(TARGET_NAME)";
				USER_HEADER_SEARCH_PATHS = "";
				VALID_ARCHS = "arm64 armv7 armv7s";
			};
			name = Debug;
		};
		9ED6AF261B205C8D00D97675 /* Release */ = {
			isa = XCBuildConfiguration;
			buildSettings = {
				ALWAYS_SEARCH_USER_PATHS = NO;
				ASSETCATALOG_COMPILER_APPICON_NAME = AppIcon;
				HEADER_SEARCH_PATHS = (
					"$(inherited)",
					/Applications/Xcode.app/Contents/Developer/Toolchains/XcodeDefault.xctoolchain/usr/include,
				);
				INFOPLIST_FILE = XDInteraction/Info.plist;
				IPHONEOS_DEPLOYMENT_TARGET = 8.1;
				LD_RUNPATH_SEARCH_PATHS = "$(inherited) @executable_path/Frameworks";
				LIBRARY_SEARCH_PATHS = "$(inherited)";
				OTHER_LDFLAGS = "-lstdc++";
				PRODUCT_NAME = "$(TARGET_NAME)";
				USER_HEADER_SEARCH_PATHS = "";
				VALID_ARCHS = "arm64 armv7 armv7s";
			};
			name = Release;
		};
		9ED6AF281B205C8D00D97675 /* Debug */ = {
			isa = XCBuildConfiguration;
			buildSettings = {
				BUNDLE_LOADER = "$(TEST_HOST)";
				FRAMEWORK_SEARCH_PATHS = (
					"$(SDKROOT)/Developer/Library/Frameworks",
					"$(inherited)",
				);
				GCC_PREPROCESSOR_DEFINITIONS = (
					"DEBUG=1",
					"$(inherited)",
				);
				INFOPLIST_FILE = XDInteractionTests/Info.plist;
				LD_RUNPATH_SEARCH_PATHS = "$(inherited) @executable_path/Frameworks @loader_path/Frameworks";
				PRODUCT_NAME = "$(TARGET_NAME)";
				TEST_HOST = "$(BUILT_PRODUCTS_DIR)/XDInteraction.app/XDInteraction";
			};
			name = Debug;
		};
		9ED6AF291B205C8D00D97675 /* Release */ = {
			isa = XCBuildConfiguration;
			buildSettings = {
				BUNDLE_LOADER = "$(TEST_HOST)";
				FRAMEWORK_SEARCH_PATHS = (
					"$(SDKROOT)/Developer/Library/Frameworks",
					"$(inherited)",
				);
				INFOPLIST_FILE = XDInteractionTests/Info.plist;
				LD_RUNPATH_SEARCH_PATHS = "$(inherited) @executable_path/Frameworks @loader_path/Frameworks";
				PRODUCT_NAME = "$(TARGET_NAME)";
				TEST_HOST = "$(BUILT_PRODUCTS_DIR)/XDInteraction.app/XDInteraction";
			};
			name = Release;
		};
/* End XCBuildConfiguration section */

/* Begin XCConfigurationList section */
		9ED6AEFC1B205C8C00D97675 /* Build configuration list for PBXProject "XDInteraction" */ = {
			isa = XCConfigurationList;
			buildConfigurations = (
				9ED6AF221B205C8D00D97675 /* Debug */,
				9ED6AF231B205C8D00D97675 /* Release */,
			);
			defaultConfigurationIsVisible = 0;
			defaultConfigurationName = Release;
		};
		9ED6AF241B205C8D00D97675 /* Build configuration list for PBXNativeTarget "XDInteraction" */ = {
			isa = XCConfigurationList;
			buildConfigurations = (
				9ED6AF251B205C8D00D97675 /* Debug */,
				9ED6AF261B205C8D00D97675 /* Release */,
			);
			defaultConfigurationIsVisible = 0;
			defaultConfigurationName = Release;
		};
		9ED6AF271B205C8D00D97675 /* Build configuration list for PBXNativeTarget "XDInteractionTests" */ = {
			isa = XCConfigurationList;
			buildConfigurations = (
				9ED6AF281B205C8D00D97675 /* Debug */,
				9ED6AF291B205C8D00D97675 /* Release */,
			);
			defaultConfigurationIsVisible = 0;
			defaultConfigurationName = Release;
		};
/* End XCConfigurationList section */
	};
	rootObject = 9ED6AEF91B205C8C00D97675 /* Project object */;
}
